
Microsoft Visual Studio Solution File, Format Version 12.00
# Visual Studio 15
VisualStudioVersion = 15.0.28307.329
MinimumVisualStudioVersion = 10.0.40219.1
Project("{FAE04EC0-301F-11D3-BF4B-00C04F79EFBC}") = "ng-mvc-core", "ng-mvc-core\ng-mvc-core.csproj", "{59733390-571D-484E-AF80-D36FDF99B56F}"
EndProject
Global
	GlobalSection(SolutionConfigurationPlatforms) = preSolution
		Debug|Any CPU = Debug|Any CPU
		Release|Any CPU = Release|Any CPU
	EndGlobalSection
	GlobalSection(ProjectConfigurationPlatforms) = postSolution
		{59733390-571D-484E-AF80-D36FDF99B56F}.Debug|Any CPU.ActiveCfg = Debug|Any CPU
		{59733390-571D-484E-AF80-D36FDF99B56F}.Debug|Any CPU.Build.0 = Debug|Any CPU
		{59733390-571D-484E-AF80-D36FDF99B56F}.Release|Any CPU.ActiveCfg = Release|Any CPU
		{59733390-571D-484E-AF80-D36FDF99B56F}.Release|Any CPU.Build.0 = Release|Any CPU
	EndGlobalSection
	GlobalSection(SolutionProperties) = preSolution
		HideSolutionNode = FALSE
	EndGlobalSection
	GlobalSection(ExtensibilityGlobals) = postSolution
		SolutionGuid = {78BFD376-A5FB-46D3-B5E5-780C99FA8BCB}
	EndGlobalSection
EndGlobal
